// !$*UTF8*$!
{
	archiveVersion = 1;
	classes = {
	};
	objectVersion = 56;
	objects = {

/* Begin PBXBuildFile section */
		236A5B2D3E9F5A3BCCAE93E6 /* Pods_contactList.framework in Frameworks */ = {isa = PBXBuildFile; fileRef = 641A1E232AD1FCED7F852942 /* Pods_contactList.framework */; };
		61526AE2DD4FFC0249591F20 /* Pods_contactListTests.framework in Frameworks */ = {isa = PBXBuildFile; fileRef = 35447EAB77F31C860A2B951B /* Pods_contactListTests.framework */; };
		6733ACC42A11BE3F00E74BE6 /* ContactListView.swift in Sources */ = {isa = PBXBuildFile; fileRef = 6733ACC32A11BE3F00E74BE6 /* ContactListView.swift */; };
		6733ACC62A11BE4700E74BE6 /* ContactListInteractor.swift in Sources */ = {isa = PBXBuildFile; fileRef = 6733ACC52A11BE4700E74BE6 /* ContactListInteractor.swift */; };
		6733ACC82A11BE5200E74BE6 /* ContactListPresenter.swift in Sources */ = {isa = PBXBuildFile; fileRef = 6733ACC72A11BE5200E74BE6 /* ContactListPresenter.swift */; };
		6733ACCA2A11BE5F00E74BE6 /* ContactListEntity.swift in Sources */ = {isa = PBXBuildFile; fileRef = 6733ACC92A11BE5F00E74BE6 /* ContactListEntity.swift */; };
		6733ACCC2A11BE6900E74BE6 /* ContactListRouter.swift in Sources */ = {isa = PBXBuildFile; fileRef = 6733ACCB2A11BE6900E74BE6 /* ContactListRouter.swift */; };
		67897AD72A111ECD0085769A /* AppDelegate.swift in Sources */ = {isa = PBXBuildFile; fileRef = 67897AD62A111ECD0085769A /* AppDelegate.swift */; };
		67897AD92A111ECD0085769A /* SceneDelegate.swift in Sources */ = {isa = PBXBuildFile; fileRef = 67897AD82A111ECD0085769A /* SceneDelegate.swift */; };
		67897AE02A111ECD0085769A /* Assets.xcassets in Resources */ = {isa = PBXBuildFile; fileRef = 67897ADF2A111ECD0085769A /* Assets.xcassets */; };
		67897AE32A111ECD0085769A /* LaunchScreen.storyboard in Resources */ = {isa = PBXBuildFile; fileRef = 67897AE12A111ECD0085769A /* LaunchScreen.storyboard */; };
		67897AEE2A111ECE0085769A /* contactListTests.swift in Sources */ = {isa = PBXBuildFile; fileRef = 67897AED2A111ECE0085769A /* contactListTests.swift */; };
		67897AF82A111ECE0085769A /* contactListUITests.swift in Sources */ = {isa = PBXBuildFile; fileRef = 67897AF72A111ECE0085769A /* contactListUITests.swift */; };
		67897AFA2A111ECE0085769A /* contactListUITestsLaunchTests.swift in Sources */ = {isa = PBXBuildFile; fileRef = 67897AF92A111ECE0085769A /* contactListUITestsLaunchTests.swift */; };
		E7C0D8645E8471816D62530A /* Pods_contactList_contactListUITests.framework in Frameworks */ = {isa = PBXBuildFile; fileRef = 569DECBADC205F32A0D62315 /* Pods_contactList_contactListUITests.framework */; };
/* End PBXBuildFile section */

/* Begin PBXContainerItemProxy section */
		67897AEA2A111ECE0085769A /* PBXContainerItemProxy */ = {
			isa = PBXContainerItemProxy;
			containerPortal = 67897ACB2A111ECC0085769A /* Project object */;
			proxyType = 1;
			remoteGlobalIDString = 67897AD22A111ECD0085769A;
			remoteInfo = contactList;
		};
		67897AF42A111ECE0085769A /* PBXContainerItemProxy */ = {
			isa = PBXContainerItemProxy;
			containerPortal = 67897ACB2A111ECC0085769A /* Project object */;
			proxyType = 1;
			remoteGlobalIDString = 67897AD22A111ECD0085769A;
			remoteInfo = contactList;
		};
/* End PBXContainerItemProxy section */

/* Begin PBXFileReference section */
		35447EAB77F31C860A2B951B /* Pods_contactListTests.framework */ = {isa = PBXFileReference; explicitFileType = wrapper.framework; includeInIndex = 0; path = Pods_contactListTests.framework; sourceTree = BUILT_PRODUCTS_DIR; };
		569DECBADC205F32A0D62315 /* Pods_contactList_contactListUITests.framework */ = {isa = PBXFileReference; explicitFileType = wrapper.framework; includeInIndex = 0; path = Pods_contactList_contactListUITests.framework; sourceTree = BUILT_PRODUCTS_DIR; };
		641A1E232AD1FCED7F852942 /* Pods_contactList.framework */ = {isa = PBXFileReference; explicitFileType = wrapper.framework; includeInIndex = 0; path = Pods_contactList.framework; sourceTree = BUILT_PRODUCTS_DIR; };
		6733ACC32A11BE3F00E74BE6 /* ContactListView.swift */ = {isa = PBXFileReference; lastKnownFileType = sourcecode.swift; path = ContactListView.swift; sourceTree = "<group>"; };
		6733ACC52A11BE4700E74BE6 /* ContactListInteractor.swift */ = {isa = PBXFileReference; lastKnownFileType = sourcecode.swift; path = ContactListInteractor.swift; sourceTree = "<group>"; };
		6733ACC72A11BE5200E74BE6 /* ContactListPresenter.swift */ = {isa = PBXFileReference; lastKnownFileType = sourcecode.swift; path = ContactListPresenter.swift; sourceTree = "<group>"; };
		6733ACC92A11BE5F00E74BE6 /* ContactListEntity.swift */ = {isa = PBXFileReference; lastKnownFileType = sourcecode.swift; path = ContactListEntity.swift; sourceTree = "<group>"; };
		6733ACCB2A11BE6900E74BE6 /* ContactListRouter.swift */ = {isa = PBXFileReference; lastKnownFileType = sourcecode.swift; path = ContactListRouter.swift; sourceTree = "<group>"; };
		67897AD32A111ECD0085769A /* contactList.app */ = {isa = PBXFileReference; explicitFileType = wrapper.application; includeInIndex = 0; path = contactList.app; sourceTree = BUILT_PRODUCTS_DIR; };
		67897AD62A111ECD0085769A /* AppDelegate.swift */ = {isa = PBXFileReference; lastKnownFileType = sourcecode.swift; path = AppDelegate.swift; sourceTree = "<group>"; };
		67897AD82A111ECD0085769A /* SceneDelegate.swift */ = {isa = PBXFileReference; lastKnownFileType = sourcecode.swift; path = SceneDelegate.swift; sourceTree = "<group>"; };
		67897ADF2A111ECD0085769A /* Assets.xcassets */ = {isa = PBXFileReference; lastKnownFileType = folder.assetcatalog; path = Assets.xcassets; sourceTree = "<group>"; };
		67897AE22A111ECD0085769A /* Base */ = {isa = PBXFileReference; lastKnownFileType = file.storyboard; name = Base; path = Base.lproj/LaunchScreen.storyboard; sourceTree = "<group>"; };
		67897AE42A111ECD0085769A /* Info.plist */ = {isa = PBXFileReference; lastKnownFileType = text.plist.xml; path = Info.plist; sourceTree = "<group>"; };
		67897AE92A111ECE0085769A /* contactListTests.xctest */ = {isa = PBXFileReference; explicitFileType = wrapper.cfbundle; includeInIndex = 0; path = contactListTests.xctest; sourceTree = BUILT_PRODUCTS_DIR; };
		67897AED2A111ECE0085769A /* contactListTests.swift */ = {isa = PBXFileReference; lastKnownFileType = sourcecode.swift; path = contactListTests.swift; sourceTree = "<group>"; };
		67897AF32A111ECE0085769A /* contactListUITests.xctest */ = {isa = PBXFileReference; explicitFileType = wrapper.cfbundle; includeInIndex = 0; path = contactListUITests.xctest; sourceTree = BUILT_PRODUCTS_DIR; };
		67897AF72A111ECE0085769A /* contactListUITests.swift */ = {isa = PBXFileReference; lastKnownFileType = sourcecode.swift; path = contactListUITests.swift; sourceTree = "<group>"; };
		67897AF92A111ECE0085769A /* contactListUITestsLaunchTests.swift */ = {isa = PBXFileReference; lastKnownFileType = sourcecode.swift; path = contactListUITestsLaunchTests.swift; sourceTree = "<group>"; };
		8B0171A19C3C8C537D06D724 /* Pods-contactListTests.debug.xcconfig */ = {isa = PBXFileReference; includeInIndex = 1; lastKnownFileType = text.xcconfig; name = "Pods-contactListTests.debug.xcconfig"; path = "Target Support Files/Pods-contactListTests/Pods-contactListTests.debug.xcconfig"; sourceTree = "<group>"; };
		8D7F90354C424EE5A2BE189A /* Pods-contactList.release.xcconfig */ = {isa = PBXFileReference; includeInIndex = 1; lastKnownFileType = text.xcconfig; name = "Pods-contactList.release.xcconfig"; path = "Target Support Files/Pods-contactList/Pods-contactList.release.xcconfig"; sourceTree = "<group>"; };
		C4D5D995E273E2E005EDEEA0 /* Pods-contactList-contactListUITests.debug.xcconfig */ = {isa = PBXFileReference; includeInIndex = 1; lastKnownFileType = text.xcconfig; name = "Pods-contactList-contactListUITests.debug.xcconfig"; path = "Target Support Files/Pods-contactList-contactListUITests/Pods-contactList-contactListUITests.debug.xcconfig"; sourceTree = "<group>"; };
		CD5847925EACE1BC54E55358 /* Pods-contactList.debug.xcconfig */ = {isa = PBXFileReference; includeInIndex = 1; lastKnownFileType = text.xcconfig; name = "Pods-contactList.debug.xcconfig"; path = "Target Support Files/Pods-contactList/Pods-contactList.debug.xcconfig"; sourceTree = "<group>"; };
		DF062FC20A2D92D430038A4C /* Pods-contactListTests.release.xcconfig */ = {isa = PBXFileReference; includeInIndex = 1; lastKnownFileType = text.xcconfig; name = "Pods-contactListTests.release.xcconfig"; path = "Target Support Files/Pods-contactListTests/Pods-contactListTests.release.xcconfig"; sourceTree = "<group>"; };
		E790877DC08E73D13CA9EE98 /* Pods-contactList-contactListUITests.release.xcconfig */ = {isa = PBXFileReference; includeInIndex = 1; lastKnownFileType = text.xcconfig; name = "Pods-contactList-contactListUITests.release.xcconfig"; path = "Target Support Files/Pods-contactList-contactListUITests/Pods-contactList-contactListUITests.release.xcconfig"; sourceTree = "<group>"; };
/* End PBXFileReference section */

/* Begin PBXFrameworksBuildPhase section */
		67897AD02A111ECD0085769A /* Frameworks */ = {
			isa = PBXFrameworksBuildPhase;
			buildActionMask = 2147483647;
			files = (
				236A5B2D3E9F5A3BCCAE93E6 /* Pods_contactList.framework in Frameworks */,
			);
			runOnlyForDeploymentPostprocessing = 0;
		};
		67897AE62A111ECE0085769A /* Frameworks */ = {
			isa = PBXFrameworksBuildPhase;
			buildActionMask = 2147483647;
			files = (
				61526AE2DD4FFC0249591F20 /* Pods_contactListTests.framework in Frameworks */,
			);
			runOnlyForDeploymentPostprocessing = 0;
		};
		67897AF02A111ECE0085769A /* Frameworks */ = {
			isa = PBXFrameworksBuildPhase;
			buildActionMask = 2147483647;
			files = (
				E7C0D8645E8471816D62530A /* Pods_contactList_contactListUITests.framework in Frameworks */,
			);
			runOnlyForDeploymentPostprocessing = 0;
		};
/* End PBXFrameworksBuildPhase section */

/* Begin PBXGroup section */
		6733ACB72A112D0600E74BE6 /* ContactList */ = {
			isa = PBXGroup;
			children = (
				6733ACC32A11BE3F00E74BE6 /* ContactListView.swift */,
				6733ACC52A11BE4700E74BE6 /* ContactListInteractor.swift */,
				6733ACC72A11BE5200E74BE6 /* ContactListPresenter.swift */,
				6733ACC92A11BE5F00E74BE6 /* ContactListEntity.swift */,
				6733ACCB2A11BE6900E74BE6 /* ContactListRouter.swift */,
			);
			path = ContactList;
			sourceTree = "<group>";
		};
		67897ACA2A111ECC0085769A = {
			isa = PBXGroup;
			children = (
				67897AD52A111ECD0085769A /* contactList */,
				67897AEC2A111ECE0085769A /* contactListTests */,
				67897AF62A111ECE0085769A /* contactListUITests */,
				67897AD42A111ECD0085769A /* Products */,
				FDFB7A20B9D24D60343F0A62 /* Pods */,
				C1EABBFA07D887DDDE3B654A /* Frameworks */,
			);
			sourceTree = "<group>";
		};
		67897AD42A111ECD0085769A /* Products */ = {
			isa = PBXGroup;
			children = (
				67897AD32A111ECD0085769A /* contactList.app */,
				67897AE92A111ECE0085769A /* contactListTests.xctest */,
				67897AF32A111ECE0085769A /* contactListUITests.xctest */,
			);
			name = Products;
			sourceTree = "<group>";
		};
		67897AD52A111ECD0085769A /* contactList */ = {
			isa = PBXGroup;
			children = (
				6733ACB72A112D0600E74BE6 /* ContactList */,
				67897AD62A111ECD0085769A /* AppDelegate.swift */,
				67897AD82A111ECD0085769A /* SceneDelegate.swift */,
				67897ADF2A111ECD0085769A /* Assets.xcassets */,
				67897AE12A111ECD0085769A /* LaunchScreen.storyboard */,
				67897AE42A111ECD0085769A /* Info.plist */,
			);
			path = contactList;
			sourceTree = "<group>";
		};
		67897AEC2A111ECE0085769A /* contactListTests */ = {
			isa = PBXGroup;
			children = (
				67897AED2A111ECE0085769A /* contactListTests.swift */,
			);
			path = contactListTests;
			sourceTree = "<group>";
		};
		67897AF62A111ECE0085769A /* contactListUITests */ = {
			isa = PBXGroup;
			children = (
				67897AF72A111ECE0085769A /* contactListUITests.swift */,
				67897AF92A111ECE0085769A /* contactListUITestsLaunchTests.swift */,
			);
			path = contactListUITests;
			sourceTree = "<group>";
		};
		C1EABBFA07D887DDDE3B654A /* Frameworks */ = {
			isa = PBXGroup;
			children = (
				641A1E232AD1FCED7F852942 /* Pods_contactList.framework */,
				569DECBADC205F32A0D62315 /* Pods_contactList_contactListUITests.framework */,
				35447EAB77F31C860A2B951B /* Pods_contactListTests.framework */,
			);
			name = Frameworks;
			sourceTree = "<group>";
		};
		FDFB7A20B9D24D60343F0A62 /* Pods */ = {
			isa = PBXGroup;
			children = (
				CD5847925EACE1BC54E55358 /* Pods-contactList.debug.xcconfig */,
				8D7F90354C424EE5A2BE189A /* Pods-contactList.release.xcconfig */,
				C4D5D995E273E2E005EDEEA0 /* Pods-contactList-contactListUITests.debug.xcconfig */,
				E790877DC08E73D13CA9EE98 /* Pods-contactList-contactListUITests.release.xcconfig */,
				8B0171A19C3C8C537D06D724 /* Pods-contactListTests.debug.xcconfig */,
				DF062FC20A2D92D430038A4C /* Pods-contactListTests.release.xcconfig */,
			);
			path = Pods;
			sourceTree = "<group>";
		};
/* End PBXGroup section */

/* Begin PBXNativeTarget section */
		67897AD22A111ECD0085769A /* contactList */ = {
			isa = PBXNativeTarget;
			buildConfigurationList = 67897AFD2A111ECE0085769A /* Build configuration list for PBXNativeTarget "contactList" */;
			buildPhases = (
				7935ABF12EFD640735255B20 /* [CP] Check Pods Manifest.lock */,
				67897ACF2A111ECD0085769A /* Sources */,
				67897AD02A111ECD0085769A /* Frameworks */,
				67897AD12A111ECD0085769A /* Resources */,
				6733ACC22A11BD9900E74BE6 /* ShellScript */,
			);
			buildRules = (
			);
			dependencies = (
			);
			name = contactList;
			productName = contactList;
			productReference = 67897AD32A111ECD0085769A /* contactList.app */;
			productType = "com.apple.product-type.application";
		};
		67897AE82A111ECE0085769A /* contactListTests */ = {
			isa = PBXNativeTarget;
			buildConfigurationList = 67897B002A111ECE0085769A /* Build configuration list for PBXNativeTarget "contactListTests" */;
			buildPhases = (
				F69F8C466AABE7CDCC3183C0 /* [CP] Check Pods Manifest.lock */,
				67897AE52A111ECE0085769A /* Sources */,
				67897AE62A111ECE0085769A /* Frameworks */,
				67897AE72A111ECE0085769A /* Resources */,
			);
			buildRules = (
			);
			dependencies = (
				67897AEB2A111ECE0085769A /* PBXTargetDependency */,
			);
			name = contactListTests;
			productName = contactListTests;
			productReference = 67897AE92A111ECE0085769A /* contactListTests.xctest */;
			productType = "com.apple.product-type.bundle.unit-test";
		};
		67897AF22A111ECE0085769A /* contactListUITests */ = {
			isa = PBXNativeTarget;
			buildConfigurationList = 67897B032A111ECE0085769A /* Build configuration list for PBXNativeTarget "contactListUITests" */;
			buildPhases = (
				5415E20325F671CFED64A04C /* [CP] Check Pods Manifest.lock */,
				67897AEF2A111ECE0085769A /* Sources */,
				67897AF02A111ECE0085769A /* Frameworks */,
				67897AF12A111ECE0085769A /* Resources */,
			);
			buildRules = (
			);
			dependencies = (
				67897AF52A111ECE0085769A /* PBXTargetDependency */,
			);
			name = contactListUITests;
			productName = contactListUITests;
			productReference = 67897AF32A111ECE0085769A /* contactListUITests.xctest */;
			productType = "com.apple.product-type.bundle.ui-testing";
		};
/* End PBXNativeTarget section */

/* Begin PBXProject section */
		67897ACB2A111ECC0085769A /* Project object */ = {
			isa = PBXProject;
			attributes = {
				BuildIndependentTargetsInParallel = 1;
				LastSwiftUpdateCheck = 1430;
				LastUpgradeCheck = 1430;
				TargetAttributes = {
					67897AD22A111ECD0085769A = {
						CreatedOnToolsVersion = 14.3;
					};
					67897AE82A111ECE0085769A = {
						CreatedOnToolsVersion = 14.3;
						TestTargetID = 67897AD22A111ECD0085769A;
					};
					67897AF22A111ECE0085769A = {
						CreatedOnToolsVersion = 14.3;
						TestTargetID = 67897AD22A111ECD0085769A;
					};
				};
			};
			buildConfigurationList = 67897ACE2A111ECC0085769A /* Build configuration list for PBXProject "contactList" */;
			compatibilityVersion = "Xcode 14.0";
			developmentRegion = en;
			hasScannedForEncodings = 0;
			knownRegions = (
				en,
				Base,
			);
			mainGroup = 67897ACA2A111ECC0085769A;
			productRefGroup = 67897AD42A111ECD0085769A /* Products */;
			projectDirPath = "";
			projectRoot = "";
			targets = (
				67897AD22A111ECD0085769A /* contactList */,
				67897AE82A111ECE0085769A /* contactListTests */,
				67897AF22A111ECE0085769A /* contactListUITests */,
			);
		};
/* End PBXProject section */

/* Begin PBXResourcesBuildPhase section */
		67897AD12A111ECD0085769A /* Resources */ = {
			isa = PBXResourcesBuildPhase;
			buildActionMask = 2147483647;
			files = (
				67897AE32A111ECD0085769A /* LaunchScreen.storyboard in Resources */,
				67897AE02A111ECD0085769A /* Assets.xcassets in Resources */,
			);
			runOnlyForDeploymentPostprocessing = 0;
		};
		67897AE72A111ECE0085769A /* Resources */ = {
			isa = PBXResourcesBuildPhase;
			buildActionMask = 2147483647;
			files = (
			);
			runOnlyForDeploymentPostprocessing = 0;
		};
		67897AF12A111ECE0085769A /* Resources */ = {
			isa = PBXResourcesBuildPhase;
			buildActionMask = 2147483647;
			files = (
			);
			runOnlyForDeploymentPostprocessing = 0;
		};
/* End PBXResourcesBuildPhase section */

/* Begin PBXShellScriptBuildPhase section */
		5415E20325F671CFED64A04C /* [CP] Check Pods Manifest.lock */ = {
			isa = PBXShellScriptBuildPhase;
			buildActionMask = 2147483647;
			files = (
			);
			inputFileListPaths = (
			);
			inputPaths = (
				"${PODS_PODFILE_DIR_PATH}/Podfile.lock",
				"${PODS_ROOT}/Manifest.lock",
			);
			name = "[CP] Check Pods Manifest.lock";
			outputFileListPaths = (
			);
			outputPaths = (
				"$(DERIVED_FILE_DIR)/Pods-contactList-contactListUITests-checkManifestLockResult.txt",
			);
			runOnlyForDeploymentPostprocessing = 0;
			shellPath = /bin/sh;
			shellScript = "diff \"${PODS_PODFILE_DIR_PATH}/Podfile.lock\" \"${PODS_ROOT}/Manifest.lock\" > /dev/null\nif [ $? != 0 ] ; then\n    # print error to STDERR\n    echo \"error: The sandbox is not in sync with the Podfile.lock. Run 'pod install' or update your CocoaPods installation.\" >&2\n    exit 1\nfi\n# This output is used by Xcode 'outputs' to avoid re-running this script phase.\necho \"SUCCESS\" > \"${SCRIPT_OUTPUT_FILE_0}\"\n";
			showEnvVarsInLog = 0;
		};
		6733ACC22A11BD9900E74BE6 /* ShellScript */ = {
			isa = PBXShellScriptBuildPhase;
			buildActionMask = 2147483647;
			files = (
			);
			inputFileListPaths = (
			);
			inputPaths = (
			);
			outputFileListPaths = (
			);
			outputPaths = (
			);
			runOnlyForDeploymentPostprocessing = 0;
			shellPath = /bin/sh;
			shellScript = "# Type a script or drag a script file from your workspace to insert its path.\nif which swiftlint >/dev/null; then\n  swiftlint\nelse\n  echo \"warning: SwiftLint not installed, download from https://github.com/realm/SwiftLint\"\nfi\n";
		};
		7935ABF12EFD640735255B20 /* [CP] Check Pods Manifest.lock */ = {
			isa = PBXShellScriptBuildPhase;
			buildActionMask = 2147483647;
			files = (
			);
			inputFileListPaths = (
			);
			inputPaths = (
				"${PODS_PODFILE_DIR_PATH}/Podfile.lock",
				"${PODS_ROOT}/Manifest.lock",
			);
			name = "[CP] Check Pods Manifest.lock";
			outputFileListPaths = (
			);
			outputPaths = (
				"$(DERIVED_FILE_DIR)/Pods-contactList-checkManifestLockResult.txt",
			);
			runOnlyForDeploymentPostprocessing = 0;
			shellPath = /bin/sh;
			shellScript = "diff \"${PODS_PODFILE_DIR_PATH}/Podfile.lock\" \"${PODS_ROOT}/Manifest.lock\" > /dev/null\nif [ $? != 0 ] ; then\n    # print error to STDERR\n    echo \"error: The sandbox is not in sync with the Podfile.lock. Run 'pod install' or update your CocoaPods installation.\" >&2\n    exit 1\nfi\n# This output is used by Xcode 'outputs' to avoid re-running this script phase.\necho \"SUCCESS\" > \"${SCRIPT_OUTPUT_FILE_0}\"\n";
			showEnvVarsInLog = 0;
		};
		F69F8C466AABE7CDCC3183C0 /* [CP] Check Pods Manifest.lock */ = {
			isa = PBXShellScriptBuildPhase;
			buildActionMask = 2147483647;
			files = (
			);
			inputFileListPaths = (
			);
			inputPaths = (
				"${PODS_PODFILE_DIR_PATH}/Podfile.lock",
				"${PODS_ROOT}/Manifest.lock",
			);
			name = "[CP] Check Pods Manifest.lock";
			outputFileListPaths = (
			);
			outputPaths = (
				"$(DERIVED_FILE_DIR)/Pods-contactListTests-checkManifestLockResult.txt",
			);
			runOnlyForDeploymentPostprocessing = 0;
			shellPath = /bin/sh;
			shellScript = "diff \"${PODS_PODFILE_DIR_PATH}/Podfile.lock\" \"${PODS_ROOT}/Manifest.lock\" > /dev/null\nif [ $? != 0 ] ; then\n    # print error to STDERR\n    echo \"error: The sandbox is not in sync with the Podfile.lock. Run 'pod install' or update your CocoaPods installation.\" >&2\n    exit 1\nfi\n# This output is used by Xcode 'outputs' to avoid re-running this script phase.\necho \"SUCCESS\" > \"${SCRIPT_OUTPUT_FILE_0}\"\n";
			showEnvVarsInLog = 0;
		};
/* End PBXShellScriptBuildPhase section */

/* Begin PBXSourcesBuildPhase section */
		67897ACF2A111ECD0085769A /* Sources */ = {
			isa = PBXSourcesBuildPhase;
			buildActionMask = 2147483647;
			files = (
				6733ACCA2A11BE5F00E74BE6 /* ContactListEntity.swift in Sources */,
				67897AD72A111ECD0085769A /* AppDelegate.swift in Sources */,
				6733ACCC2A11BE6900E74BE6 /* ContactListRouter.swift in Sources */,
				67897AD92A111ECD0085769A /* SceneDelegate.swift in Sources */,
				6733ACC62A11BE4700E74BE6 /* ContactListInteractor.swift in Sources */,
				6733ACC42A11BE3F00E74BE6 /* ContactListView.swift in Sources */,
				6733ACC82A11BE5200E74BE6 /* ContactListPresenter.swift in Sources */,
			);
			runOnlyForDeploymentPostprocessing = 0;
		};
		67897AE52A111ECE0085769A /* Sources */ = {
			isa = PBXSourcesBuildPhase;
			buildActionMask = 2147483647;
			files = (
				67897AEE2A111ECE0085769A /* contactListTests.swift in Sources */,
			);
			runOnlyForDeploymentPostprocessing = 0;
		};
		67897AEF2A111ECE0085769A /* Sources */ = {
			isa = PBXSourcesBuildPhase;
			buildActionMask = 2147483647;
			files = (
				67897AF82A111ECE0085769A /* contactListUITests.swift in Sources */,
				67897AFA2A111ECE0085769A /* contactListUITestsLaunchTests.swift in Sources */,
			);
			runOnlyForDeploymentPostprocessing = 0;
		};
/* End PBXSourcesBuildPhase section */

/* Begin PBXTargetDependency section */
		67897AEB2A111ECE0085769A /* PBXTargetDependency */ = {
			isa = PBXTargetDependency;
			target = 67897AD22A111ECD0085769A /* contactList */;
			targetProxy = 67897AEA2A111ECE0085769A /* PBXContainerItemProxy */;
		};
		67897AF52A111ECE0085769A /* PBXTargetDependency */ = {
			isa = PBXTargetDependency;
			target = 67897AD22A111ECD0085769A /* contactList */;
			targetProxy = 67897AF42A111ECE0085769A /* PBXContainerItemProxy */;
		};
/* End PBXTargetDependency section */

/* Begin PBXVariantGroup section */
		67897AE12A111ECD0085769A /* LaunchScreen.storyboard */ = {
			isa = PBXVariantGroup;
			children = (
				67897AE22A111ECD0085769A /* Base */,
			);
			name = LaunchScreen.storyboard;
			sourceTree = "<group>";
		};
/* End PBXVariantGroup section */

/* Begin XCBuildConfiguration section */
		67897AFB2A111ECE0085769A /* Debug */ = {
			isa = XCBuildConfiguration;
			buildSettings = {
				ALWAYS_SEARCH_USER_PATHS = NO;
				CLANG_ANALYZER_NONNULL = YES;
				CLANG_ANALYZER_NUMBER_OBJECT_CONVERSION = YES_AGGRESSIVE;
				CLANG_CXX_LANGUAGE_STANDARD = "gnu++20";
				CLANG_ENABLE_MODULES = YES;
				CLANG_ENABLE_OBJC_ARC = YES;
				CLANG_ENABLE_OBJC_WEAK = YES;
				CLANG_WARN_BLOCK_CAPTURE_AUTORELEASING = YES;
				CLANG_WARN_BOOL_CONVERSION = YES;
				CLANG_WARN_COMMA = YES;
				CLANG_WARN_CONSTANT_CONVERSION = YES;
				CLANG_WARN_DEPRECATED_OBJC_IMPLEMENTATIONS = YES;
				CLANG_WARN_DIRECT_OBJC_ISA_USAGE = YES_ERROR;
				CLANG_WARN_DOCUMENTATION_COMMENTS = YES;
				CLANG_WARN_EMPTY_BODY = YES;
				CLANG_WARN_ENUM_CONVERSION = YES;
				CLANG_WARN_INFINITE_RECURSION = YES;
				CLANG_WARN_INT_CONVERSION = YES;
				CLANG_WARN_NON_LITERAL_NULL_CONVERSION = YES;
				CLANG_WARN_OBJC_IMPLICIT_RETAIN_SELF = YES;
				CLANG_WARN_OBJC_LITERAL_CONVERSION = YES;
				CLANG_WARN_OBJC_ROOT_CLASS = YES_ERROR;
				CLANG_WARN_QUOTED_INCLUDE_IN_FRAMEWORK_HEADER = YES;
				CLANG_WARN_RANGE_LOOP_ANALYSIS = YES;
				CLANG_WARN_STRICT_PROTOTYPES = YES;
				CLANG_WARN_SUSPICIOUS_MOVE = YES;
				CLANG_WARN_UNGUARDED_AVAILABILITY = YES_AGGRESSIVE;
				CLANG_WARN_UNREACHABLE_CODE = YES;
				CLANG_WARN__DUPLICATE_METHOD_MATCH = YES;
				COPY_PHASE_STRIP = NO;
				DEBUG_INFORMATION_FORMAT = dwarf;
				ENABLE_STRICT_OBJC_MSGSEND = YES;
				ENABLE_TESTABILITY = YES;
				GCC_C_LANGUAGE_STANDARD = gnu11;
				GCC_DYNAMIC_NO_PIC = NO;
				GCC_NO_COMMON_BLOCKS = YES;
				GCC_OPTIMIZATION_LEVEL = 0;
				GCC_PREPROCESSOR_DEFINITIONS = (
					"DEBUG=1",
					"$(inherited)",
				);
				GCC_WARN_64_TO_32_BIT_CONVERSION = YES;
				GCC_WARN_ABOUT_RETURN_TYPE = YES_ERROR;
				GCC_WARN_UNDECLARED_SELECTOR = YES;
				GCC_WARN_UNINITIALIZED_AUTOS = YES_AGGRESSIVE;
				GCC_WARN_UNUSED_FUNCTION = YES;
				GCC_WARN_UNUSED_VARIABLE = YES;
				IPHONEOS_DEPLOYMENT_TARGET = 16.4;
				MTL_ENABLE_DEBUG_INFO = INCLUDE_SOURCE;
				MTL_FAST_MATH = YES;
				ONLY_ACTIVE_ARCH = YES;
				SDKROOT = iphoneos;
				SWIFT_ACTIVE_COMPILATION_CONDITIONS = DEBUG;
				SWIFT_OPTIMIZATION_LEVEL = "-Onone";
			};
			name = Debug;
		};
		67897AFC2A111ECE0085769A /* Release */ = {
			isa = XCBuildConfiguration;
			buildSettings = {
				ALWAYS_SEARCH_USER_PATHS = NO;
				CLANG_ANALYZER_NONNULL = YES;
				CLANG_ANALYZER_NUMBER_OBJECT_CONVERSION = YES_AGGRESSIVE;
				CLANG_CXX_LANGUAGE_STANDARD = "gnu++20";
				CLANG_ENABLE_MODULES = YES;
				CLANG_ENABLE_OBJC_ARC = YES;
				CLANG_ENABLE_OBJC_WEAK = YES;
				CLANG_WARN_BLOCK_CAPTURE_AUTORELEASING = YES;
				CLANG_WARN_BOOL_CONVERSION = YES;
				CLANG_WARN_COMMA = YES;
				CLANG_WARN_CONSTANT_CONVERSION = YES;
				CLANG_WARN_DEPRECATED_OBJC_IMPLEMENTATIONS = YES;
				CLANG_WARN_DIRECT_OBJC_ISA_USAGE = YES_ERROR;
				CLANG_WARN_DOCUMENTATION_COMMENTS = YES;
				CLANG_WARN_EMPTY_BODY = YES;
				CLANG_WARN_ENUM_CONVERSION = YES;
				CLANG_WARN_INFINITE_RECURSION = YES;
				CLANG_WARN_INT_CONVERSION = YES;
				CLANG_WARN_NON_LITERAL_NULL_CONVERSION = YES;
				CLANG_WARN_OBJC_IMPLICIT_RETAIN_SELF = YES;
				CLANG_WARN_OBJC_LITERAL_CONVERSION = YES;
				CLANG_WARN_OBJC_ROOT_CLASS = YES_ERROR;
				CLANG_WARN_QUOTED_INCLUDE_IN_FRAMEWORK_HEADER = YES;
				CLANG_WARN_RANGE_LOOP_ANALYSIS = YES;
				CLANG_WARN_STRICT_PROTOTYPES = YES;
				CLANG_WARN_SUSPICIOUS_MOVE = YES;
				CLANG_WARN_UNGUARDED_AVAILABILITY = YES_AGGRESSIVE;
				CLANG_WARN_UNREACHABLE_CODE = YES;
				CLANG_WARN__DUPLICATE_METHOD_MATCH = YES;
				COPY_PHASE_STRIP = NO;
				DEBUG_INFORMATION_FORMAT = "dwarf-with-dsym";
				ENABLE_NS_ASSERTIONS = NO;
				ENABLE_STRICT_OBJC_MSGSEND = YES;
				GCC_C_LANGUAGE_STANDARD = gnu11;
				GCC_NO_COMMON_BLOCKS = YES;
				GCC_WARN_64_TO_32_BIT_CONVERSION = YES;
				GCC_WARN_ABOUT_RETURN_TYPE = YES_ERROR;
				GCC_WARN_UNDECLARED_SELECTOR = YES;
				GCC_WARN_UNINITIALIZED_AUTOS = YES_AGGRESSIVE;
				GCC_WARN_UNUSED_FUNCTION = YES;
				GCC_WARN_UNUSED_VARIABLE = YES;
				IPHONEOS_DEPLOYMENT_TARGET = 16.4;
				MTL_ENABLE_DEBUG_INFO = NO;
				MTL_FAST_MATH = YES;
				SDKROOT = iphoneos;
				SWIFT_COMPILATION_MODE = wholemodule;
				SWIFT_OPTIMIZATION_LEVEL = "-O";
				VALIDATE_PRODUCT = YES;
			};
			name = Release;
		};
		67897AFE2A111ECE0085769A /* Debug */ = {
			isa = XCBuildConfiguration;
			baseConfigurationReference = CD5847925EACE1BC54E55358 /* Pods-contactList.debug.xcconfig */;
			buildSettings = {
				ASSETCATALOG_COMPILER_APPICON_NAME = AppIcon;
				ASSETCATALOG_COMPILER_GLOBAL_ACCENT_COLOR_NAME = AccentColor;
				CODE_SIGN_STYLE = Automatic;
				CURRENT_PROJECT_VERSION = 1;
				DEVELOPMENT_TEAM = 495737228M;
				GENERATE_INFOPLIST_FILE = YES;
				INFOPLIST_FILE = contactList/Info.plist;
				INFOPLIST_KEY_UIApplicationSupportsIndirectInputEvents = YES;
				INFOPLIST_KEY_UILaunchStoryboardName = LaunchScreen;
				INFOPLIST_KEY_UISupportedInterfaceOrientations_iPad = "UIInterfaceOrientationPortrait UIInterfaceOrientationPortraitUpsideDown UIInterfaceOrientationLandscapeLeft UIInterfaceOrientationLandscapeRight";
				INFOPLIST_KEY_UISupportedInterfaceOrientations_iPhone = "UIInterfaceOrientationPortrait UIInterfaceOrientationLandscapeLeft UIInterfaceOrientationLandscapeRight";
				LD_RUNPATH_SEARCH_PATHS = (
					"$(inherited)",
					"@executable_path/Frameworks",
				);
				MARKETING_VERSION = 1.0;
				PRODUCT_BUNDLE_IDENTIFIER = emmanuel.zambrano.contactList;
				PRODUCT_NAME = "$(TARGET_NAME)";
				SWIFT_EMIT_LOC_STRINGS = YES;
				SWIFT_VERSION = 5.0;
				TARGETED_DEVICE_FAMILY = "1,2";
			};
			name = Debug;
		};
		67897AFF2A111ECE0085769A /* Release */ = {
			isa = XCBuildConfiguration;
			baseConfigurationReference = 8D7F90354C424EE5A2BE189A /* Pods-contactList.release.xcconfig */;
			buildSettings = {
				ASSETCATALOG_COMPILER_APPICON_NAME = AppIcon;
				ASSETCATALOG_COMPILER_GLOBAL_ACCENT_COLOR_NAME = AccentColor;
				CODE_SIGN_STYLE = Automatic;
				CURRENT_PROJECT_VERSION = 1;
				DEVELOPMENT_TEAM = 495737228M;
				GENERATE_INFOPLIST_FILE = YES;
				INFOPLIST_FILE = contactList/Info.plist;
				INFOPLIST_KEY_UIApplicationSupportsIndirectInputEvents = YES;
				INFOPLIST_KEY_UILaunchStoryboardName = LaunchScreen;
				INFOPLIST_KEY_UISupportedInterfaceOrientations_iPad = "UIInterfaceOrientationPortrait UIInterfaceOrientationPortraitUpsideDown UIInterfaceOrientationLandscapeLeft UIInterfaceOrientationLandscapeRight";
				INFOPLIST_KEY_UISupportedInterfaceOrientations_iPhone = "UIInterfaceOrientationPortrait UIInterfaceOrientationLandscapeLeft UIInterfaceOrientationLandscapeRight";
				LD_RUNPATH_SEARCH_PATHS = (
					"$(inherited)",
					"@executable_path/Frameworks",
				);
				MARKETING_VERSION = 1.0;
				PRODUCT_BUNDLE_IDENTIFIER = emmanuel.zambrano.contactList;
				PRODUCT_NAME = "$(TARGET_NAME)";
				SWIFT_EMIT_LOC_STRINGS = YES;
				SWIFT_VERSION = 5.0;
				TARGETED_DEVICE_FAMILY = "1,2";
			};
			name = Release;
		};
		67897B012A111ECE0085769A /* Debug */ = {
			isa = XCBuildConfiguration;
			baseConfigurationReference = 8B0171A19C3C8C537D06D724 /* Pods-contactListTests.debug.xcconfig */;
			buildSettings = {
				ALWAYS_EMBED_SWIFT_STANDARD_LIBRARIES = YES;
				BUNDLE_LOADER = "$(TEST_HOST)";
				CODE_SIGN_STYLE = Automatic;
				CURRENT_PROJECT_VERSION = 1;
				DEVELOPMENT_TEAM = 495737228M;
				GENERATE_INFOPLIST_FILE = YES;
				IPHONEOS_DEPLOYMENT_TARGET = 16.4;
				MARKETING_VERSION = 1.0;
				PRODUCT_BUNDLE_IDENTIFIER = emmanuel.zambrano.contactListTests;
				PRODUCT_NAME = "$(TARGET_NAME)";
				SWIFT_EMIT_LOC_STRINGS = NO;
				SWIFT_VERSION = 5.0;
				TARGETED_DEVICE_FAMILY = "1,2";
				TEST_HOST = "$(BUILT_PRODUCTS_DIR)/contactList.app/$(BUNDLE_EXECUTABLE_FOLDER_PATH)/contactList";
			};
			name = Debug;
		};
		67897B022A111ECE0085769A /* Release */ = {
			isa = XCBuildConfiguration;
			baseConfigurationReference = DF062FC20A2D92D430038A4C /* Pods-contactListTests.release.xcconfig */;
			buildSettings = {
				ALWAYS_EMBED_SWIFT_STANDARD_LIBRARIES = YES;
				BUNDLE_LOADER = "$(TEST_HOST)";
				CODE_SIGN_STYLE = Automatic;
				CURRENT_PROJECT_VERSION = 1;
				DEVELOPMENT_TEAM = 495737228M;
				GENERATE_INFOPLIST_FILE = YES;
				IPHONEOS_DEPLOYMENT_TARGET = 16.4;
				MARKETING_VERSION = 1.0;
				PRODUCT_BUNDLE_IDENTIFIER = emmanuel.zambrano.contactListTests;
				PRODUCT_NAME = "$(TARGET_NAME)";
				SWIFT_EMIT_LOC_STRINGS = NO;
				SWIFT_VERSION = 5.0;
				TARGETED_DEVICE_FAMILY = "1,2";
				TEST_HOST = "$(BUILT_PRODUCTS_DIR)/contactList.app/$(BUNDLE_EXECUTABLE_FOLDER_PATH)/contactList";
			};
			name = Release;
		};
		67897B042A111ECE0085769A /* Debug */ = {
			isa = XCBuildConfiguration;
			baseConfigurationReference = C4D5D995E273E2E005EDEEA0 /* Pods-contactList-contactListUITests.debug.xcconfig */;
			buildSettings = {
				ALWAYS_EMBED_SWIFT_STANDARD_LIBRARIES = YES;
				CODE_SIGN_STYLE = Automatic;
				CURRENT_PROJECT_VERSION = 1;
				DEVELOPMENT_TEAM = 495737228M;
				GENERATE_INFOPLIST_FILE = YES;
				MARKETING_VERSION = 1.0;
				PRODUCT_BUNDLE_IDENTIFIER = emmanuel.zambrano.contactListUITests;
				PRODUCT_NAME = "$(TARGET_NAME)";
				SWIFT_EMIT_LOC_STRINGS = NO;
				SWIFT_VERSION = 5.0;
				TARGETED_DEVICE_FAMILY = "1,2";
				TEST_TARGET_NAME = contactList;
			};
			name = Debug;
		};
		67897B052A111ECE0085769A /* Release */ = {
			isa = XCBuildConfiguration;
			baseConfigurationReference = E790877DC08E73D13CA9EE98 /* Pods-contactList-contactListUITests.release.xcconfig */;
			buildSettings = {
				ALWAYS_EMBED_SWIFT_STANDARD_LIBRARIES = YES;
				CODE_SIGN_STYLE = Automatic;
				CURRENT_PROJECT_VERSION = 1;
				DEVELOPMENT_TEAM = 495737228M;
				GENERATE_INFOPLIST_FILE = YES;
				MARKETING_VERSION = 1.0;
				PRODUCT_BUNDLE_IDENTIFIER = emmanuel.zambrano.contactListUITests;
				PRODUCT_NAME = "$(TARGET_NAME)";
				SWIFT_EMIT_LOC_STRINGS = NO;
				SWIFT_VERSION = 5.0;
				TARGETED_DEVICE_FAMILY = "1,2";
				TEST_TARGET_NAME = contactList;
			};
			name = Release;
		};
/* End XCBuildConfiguration section */

/* Begin XCConfigurationList section */
		67897ACE2A111ECC0085769A /* Build configuration list for PBXProject "contactList" */ = {
			isa = XCConfigurationList;
			buildConfigurations = (
				67897AFB2A111ECE0085769A /* Debug */,
				67897AFC2A111ECE0085769A /* Release */,
			);
			defaultConfigurationIsVisible = 0;
			defaultConfigurationName = Release;
		};
		67897AFD2A111ECE0085769A /* Build configuration list for PBXNativeTarget "contactList" */ = {
			isa = XCConfigurationList;
			buildConfigurations = (
				67897AFE2A111ECE0085769A /* Debug */,
				67897AFF2A111ECE0085769A /* Release */,
			);
			defaultConfigurationIsVisible = 0;
			defaultConfigurationName = Release;
		};
		67897B002A111ECE0085769A /* Build configuration list for PBXNativeTarget "contactListTests" */ = {
			isa = XCConfigurationList;
			buildConfigurations = (
				67897B012A111ECE0085769A /* Debug */,
				67897B022A111ECE0085769A /* Release */,
			);
			defaultConfigurationIsVisible = 0;
			defaultConfigurationName = Release;
		};
		67897B032A111ECE0085769A /* Build configuration list for PBXNativeTarget "contactListUITests" */ = {
			isa = XCConfigurationList;
			buildConfigurations = (
				67897B042A111ECE0085769A /* Debug */,
				67897B052A111ECE0085769A /* Release */,
			);
			defaultConfigurationIsVisible = 0;
			defaultConfigurationName = Release;
		};
/* End XCConfigurationList section */
	};
	rootObject = 67897ACB2A111ECC0085769A /* Project object */;
}
